
Microsoft Visual Studio Solution File, Format Version 12.00
# Visual Studio Version 17
VisualStudioVersion = 17.1.32414.318
MinimumVisualStudioVersion = 10.0.40219.1
Project("{9A19103F-16F7-4668-BE54-9A1E7A4F7556}") = "TodoListApp", "TodoListApp\TodoListApp.csproj", "{E97F6949-1870-4C01-A574-62B0AD6BEA8C}"
EndProject
Project("{2150E333-8FDC-42A3-9474-1A3956D46DE8}") = "LessonNotes", "LessonNotes", "{1454FF5D-E9E4-4AFA-8D20-C50FE5EBD7D5}"
	ProjectSection(SolutionItems) = preProject
		Lesson2.txt = Lesson2.txt
		Lesson3.txt = Lesson3.txt
		Lesson4.txt = Lesson4.txt
	EndProjectSection
EndProject
Global
	GlobalSection(SolutionConfigurationPlatforms) = preSolution
		Debug|Any CPU = Debug|Any CPU
		Release|Any CPU = Release|Any CPU
	EndGlobalSection
	GlobalSection(ProjectConfigurationPlatforms) = postSolution
		{E97F6949-1870-4C01-A574-62B0AD6BEA8C}.Debug|Any CPU.ActiveCfg = Debug|Any CPU
		{E97F6949-1870-4C01-A574-62B0AD6BEA8C}.Debug|Any CPU.Build.0 = Debug|Any CPU
		{E97F6949-1870-4C01-A574-62B0AD6BEA8C}.Release|Any CPU.ActiveCfg = Release|Any CPU
		{E97F6949-1870-4C01-A574-62B0AD6BEA8C}.Release|Any CPU.Build.0 = Release|Any CPU
	EndGlobalSection
	GlobalSection(SolutionProperties) = preSolution
		HideSolutionNode = FALSE
	EndGlobalSection
	GlobalSection(ExtensibilityGlobals) = postSolution
		SolutionGuid = {863A5D1E-6616-485E-90F8-E2750C98A67B}
	EndGlobalSection
EndGlobal
